
Microsoft Visual Studio Solution File, Format Version 12.00
# Visual Studio Version 17
VisualStudioVersion = 17.0.32112.339
MinimumVisualStudioVersion = 10.0.40219.1
Project("{FAE04EC0-301F-11D3-BF4B-00C04F79EFBC}") = "Desafio de Programação Capgemini", "Desafio de Programação Capgemini\Desafio de Programação Capgemini.csproj", "{BE62E711-7167-42DC-9821-40F766726D20}"
EndProject
Global
	GlobalSection(SolutionConfigurationPlatforms) = preSolution
		Debug|Any CPU = Debug|Any CPU
		Release|Any CPU = Release|Any CPU
	EndGlobalSection
	GlobalSection(ProjectConfigurationPlatforms) = postSolution
		{BE62E711-7167-42DC-9821-40F766726D20}.Debug|Any CPU.ActiveCfg = Debug|Any CPU
		{BE62E711-7167-42DC-9821-40F766726D20}.Debug|Any CPU.Build.0 = Debug|Any CPU
		{BE62E711-7167-42DC-9821-40F766726D20}.Release|Any CPU.ActiveCfg = Release|Any CPU
		{BE62E711-7167-42DC-9821-40F766726D20}.Release|Any CPU.Build.0 = Release|Any CPU
	EndGlobalSection
	GlobalSection(SolutionProperties) = preSolution
		HideSolutionNode = FALSE
	EndGlobalSection
	GlobalSection(ExtensibilityGlobals) = postSolution
		SolutionGuid = {CB995EA8-B289-471B-981D-EF8E9BF2B1A8}
	EndGlobalSection
EndGlobal
